
Microsoft Visual Studio Solution File, Format Version 12.00
Project("{FAE04EC0-301F-11D3-BF4B-00C04F79EFBC}") = "CW9", "CW9\CW9.csproj", "{49DAA958-4484-46C5-AD4D-30807F5FFA10}"
EndProject
Project("{FAE04EC0-301F-11D3-BF4B-00C04F79EFBC}") = "number2", "number2\number2.csproj", "{3C38CAE3-47AB-4AE2-A29F-C6D4B9B0699F}"
EndProject
Project("{FAE04EC0-301F-11D3-BF4B-00C04F79EFBC}") = "number3", "number3\number3.csproj", "{C442316D-27A0-431C-AF01-59D5C925EC28}"
EndProject
Global
	GlobalSection(SolutionConfigurationPlatforms) = preSolution
		Debug|Any CPU = Debug|Any CPU
		Release|Any CPU = Release|Any CPU
	EndGlobalSection
	GlobalSection(ProjectConfigurationPlatforms) = postSolution
		{49DAA958-4484-46C5-AD4D-30807F5FFA10}.Debug|Any CPU.ActiveCfg = Debug|Any CPU
		{49DAA958-4484-46C5-AD4D-30807F5FFA10}.Debug|Any CPU.Build.0 = Debug|Any CPU
		{49DAA958-4484-46C5-AD4D-30807F5FFA10}.Release|Any CPU.ActiveCfg = Release|Any CPU
		{49DAA958-4484-46C5-AD4D-30807F5FFA10}.Release|Any CPU.Build.0 = Release|Any CPU
		{3C38CAE3-47AB-4AE2-A29F-C6D4B9B0699F}.Debug|Any CPU.ActiveCfg = Debug|Any CPU
		{3C38CAE3-47AB-4AE2-A29F-C6D4B9B0699F}.Debug|Any CPU.Build.0 = Debug|Any CPU
		{3C38CAE3-47AB-4AE2-A29F-C6D4B9B0699F}.Release|Any CPU.ActiveCfg = Release|Any CPU
		{3C38CAE3-47AB-4AE2-A29F-C6D4B9B0699F}.Release|Any CPU.Build.0 = Release|Any CPU
		{C442316D-27A0-431C-AF01-59D5C925EC28}.Debug|Any CPU.ActiveCfg = Debug|Any CPU
		{C442316D-27A0-431C-AF01-59D5C925EC28}.Debug|Any CPU.Build.0 = Debug|Any CPU
		{C442316D-27A0-431C-AF01-59D5C925EC28}.Release|Any CPU.ActiveCfg = Release|Any CPU
		{C442316D-27A0-431C-AF01-59D5C925EC28}.Release|Any CPU.Build.0 = Release|Any CPU
	EndGlobalSection
EndGlobal
