
Microsoft Visual Studio Solution File, Format Version 12.00
# Visual Studio Version 16
VisualStudioVersion = 16.0.30413.136
MinimumVisualStudioVersion = 10.0.40219.1
Project("{FAE04EC0-301F-11D3-BF4B-00C04F79EFBC}") = "CW_1", "CW_1\CW_1.csproj", "{2F7598A7-5121-4CA4-88D8-4C6C5DCE3A72}"
EndProject
Project("{FAE04EC0-301F-11D3-BF4B-00C04F79EFBC}") = "CW_1.1", "CW_1.1\CW_1.1.csproj", "{D1FDF1C0-6565-40C4-B1B8-ED9C41D9ECD7}"
EndProject
Global
	GlobalSection(SolutionConfigurationPlatforms) = preSolution
		Debug|Any CPU = Debug|Any CPU
		Release|Any CPU = Release|Any CPU
	EndGlobalSection
	GlobalSection(ProjectConfigurationPlatforms) = postSolution
		{2F7598A7-5121-4CA4-88D8-4C6C5DCE3A72}.Debug|Any CPU.ActiveCfg = Debug|Any CPU
		{2F7598A7-5121-4CA4-88D8-4C6C5DCE3A72}.Debug|Any CPU.Build.0 = Debug|Any CPU
		{2F7598A7-5121-4CA4-88D8-4C6C5DCE3A72}.Release|Any CPU.ActiveCfg = Release|Any CPU
		{2F7598A7-5121-4CA4-88D8-4C6C5DCE3A72}.Release|Any CPU.Build.0 = Release|Any CPU
		{D1FDF1C0-6565-40C4-B1B8-ED9C41D9ECD7}.Debug|Any CPU.ActiveCfg = Debug|Any CPU
		{D1FDF1C0-6565-40C4-B1B8-ED9C41D9ECD7}.Debug|Any CPU.Build.0 = Debug|Any CPU
		{D1FDF1C0-6565-40C4-B1B8-ED9C41D9ECD7}.Release|Any CPU.ActiveCfg = Release|Any CPU
		{D1FDF1C0-6565-40C4-B1B8-ED9C41D9ECD7}.Release|Any CPU.Build.0 = Release|Any CPU
	EndGlobalSection
	GlobalSection(SolutionProperties) = preSolution
		HideSolutionNode = FALSE
	EndGlobalSection
	GlobalSection(ExtensibilityGlobals) = postSolution
		SolutionGuid = {3DE78C02-CE67-442B-8E7C-3E8BBFF49B5D}
	EndGlobalSection
EndGlobal
