
Microsoft Visual Studio Solution File, Format Version 12.00
# Visual Studio Version 16
VisualStudioVersion = 16.0.30413.136
MinimumVisualStudioVersion = 10.0.40219.1
Project("{FAE04EC0-301F-11D3-BF4B-00C04F79EFBC}") = "CW3", "CW3\CW3.csproj", "{8FE54AFB-BCAF-4872-B2CE-4B801506C3D9}"
EndProject
Project("{FAE04EC0-301F-11D3-BF4B-00C04F79EFBC}") = "Number2", "Number2\Number2.csproj", "{D3EC47DF-8675-423C-9C5D-9AEF40FF5BAA}"
EndProject
Global
	GlobalSection(SolutionConfigurationPlatforms) = preSolution
		Debug|Any CPU = Debug|Any CPU
		Release|Any CPU = Release|Any CPU
	EndGlobalSection
	GlobalSection(ProjectConfigurationPlatforms) = postSolution
		{8FE54AFB-BCAF-4872-B2CE-4B801506C3D9}.Debug|Any CPU.ActiveCfg = Debug|Any CPU
		{8FE54AFB-BCAF-4872-B2CE-4B801506C3D9}.Debug|Any CPU.Build.0 = Debug|Any CPU
		{8FE54AFB-BCAF-4872-B2CE-4B801506C3D9}.Release|Any CPU.ActiveCfg = Release|Any CPU
		{8FE54AFB-BCAF-4872-B2CE-4B801506C3D9}.Release|Any CPU.Build.0 = Release|Any CPU
		{D3EC47DF-8675-423C-9C5D-9AEF40FF5BAA}.Debug|Any CPU.ActiveCfg = Debug|Any CPU
		{D3EC47DF-8675-423C-9C5D-9AEF40FF5BAA}.Debug|Any CPU.Build.0 = Debug|Any CPU
		{D3EC47DF-8675-423C-9C5D-9AEF40FF5BAA}.Release|Any CPU.ActiveCfg = Release|Any CPU
		{D3EC47DF-8675-423C-9C5D-9AEF40FF5BAA}.Release|Any CPU.Build.0 = Release|Any CPU
	EndGlobalSection
	GlobalSection(SolutionProperties) = preSolution
		HideSolutionNode = FALSE
	EndGlobalSection
	GlobalSection(ExtensibilityGlobals) = postSolution
		SolutionGuid = {E913218E-6CA3-49E2-8461-B9A8E77C70AF}
	EndGlobalSection
EndGlobal
