
Microsoft Visual Studio Solution File, Format Version 12.00
# Visual Studio Version 16
VisualStudioVersion = 16.0.31105.61
MinimumVisualStudioVersion = 10.0.40219.1
Project("{FAE04EC0-301F-11D3-BF4B-00C04F79EFBC}") = "CW10", "CW10\CW10.csproj", "{54C7063E-4567-48DC-9FD8-610C3CB75E86}"
EndProject
Global
	GlobalSection(SolutionConfigurationPlatforms) = preSolution
		Debug|Any CPU = Debug|Any CPU
		Release|Any CPU = Release|Any CPU
	EndGlobalSection
	GlobalSection(ProjectConfigurationPlatforms) = postSolution
		{54C7063E-4567-48DC-9FD8-610C3CB75E86}.Debug|Any CPU.ActiveCfg = Debug|Any CPU
		{54C7063E-4567-48DC-9FD8-610C3CB75E86}.Debug|Any CPU.Build.0 = Debug|Any CPU
		{54C7063E-4567-48DC-9FD8-610C3CB75E86}.Release|Any CPU.ActiveCfg = Release|Any CPU
		{54C7063E-4567-48DC-9FD8-610C3CB75E86}.Release|Any CPU.Build.0 = Release|Any CPU
	EndGlobalSection
	GlobalSection(SolutionProperties) = preSolution
		HideSolutionNode = FALSE
	EndGlobalSection
	GlobalSection(ExtensibilityGlobals) = postSolution
		SolutionGuid = {2D11FBEA-987C-4C65-9E86-804D3D16692A}
	EndGlobalSection
EndGlobal
