
Microsoft Visual Studio Solution File, Format Version 12.00
# Visual Studio Version 16
VisualStudioVersion = 16.0.31129.286
MinimumVisualStudioVersion = 10.0.40219.1
Project("{FAE04EC0-301F-11D3-BF4B-00C04F79EFBC}") = "CW2_mod4", "CW2_mod4\CW2_mod4.csproj", "{D7E3CD55-CDF3-4E9D-BCF4-7B2D281B9E45}"
EndProject
Project("{FAE04EC0-301F-11D3-BF4B-00C04F79EFBC}") = "num2", "num2\num2.csproj", "{8521D372-6ED1-4020-A780-4F2D56A7C9DE}"
EndProject
Project("{FAE04EC0-301F-11D3-BF4B-00C04F79EFBC}") = "num3", "num3\num3.csproj", "{6D5715CF-F1F9-430D-AD9C-F41A4F561A72}"
EndProject
Global
	GlobalSection(SolutionConfigurationPlatforms) = preSolution
		Debug|Any CPU = Debug|Any CPU
		Release|Any CPU = Release|Any CPU
	EndGlobalSection
	GlobalSection(ProjectConfigurationPlatforms) = postSolution
		{D7E3CD55-CDF3-4E9D-BCF4-7B2D281B9E45}.Debug|Any CPU.ActiveCfg = Debug|Any CPU
		{D7E3CD55-CDF3-4E9D-BCF4-7B2D281B9E45}.Debug|Any CPU.Build.0 = Debug|Any CPU
		{D7E3CD55-CDF3-4E9D-BCF4-7B2D281B9E45}.Release|Any CPU.ActiveCfg = Release|Any CPU
		{D7E3CD55-CDF3-4E9D-BCF4-7B2D281B9E45}.Release|Any CPU.Build.0 = Release|Any CPU
		{8521D372-6ED1-4020-A780-4F2D56A7C9DE}.Debug|Any CPU.ActiveCfg = Debug|Any CPU
		{8521D372-6ED1-4020-A780-4F2D56A7C9DE}.Debug|Any CPU.Build.0 = Debug|Any CPU
		{8521D372-6ED1-4020-A780-4F2D56A7C9DE}.Release|Any CPU.ActiveCfg = Release|Any CPU
		{8521D372-6ED1-4020-A780-4F2D56A7C9DE}.Release|Any CPU.Build.0 = Release|Any CPU
		{6D5715CF-F1F9-430D-AD9C-F41A4F561A72}.Debug|Any CPU.ActiveCfg = Debug|Any CPU
		{6D5715CF-F1F9-430D-AD9C-F41A4F561A72}.Debug|Any CPU.Build.0 = Debug|Any CPU
		{6D5715CF-F1F9-430D-AD9C-F41A4F561A72}.Release|Any CPU.ActiveCfg = Release|Any CPU
		{6D5715CF-F1F9-430D-AD9C-F41A4F561A72}.Release|Any CPU.Build.0 = Release|Any CPU
	EndGlobalSection
	GlobalSection(SolutionProperties) = preSolution
		HideSolutionNode = FALSE
	EndGlobalSection
	GlobalSection(ExtensibilityGlobals) = postSolution
		SolutionGuid = {47BF8E79-9175-410A-AA76-E02BB1E48060}
	EndGlobalSection
EndGlobal
