
Microsoft Visual Studio Solution File, Format Version 12.00
# Visual Studio Version 16
VisualStudioVersion = 16.0.30413.136
MinimumVisualStudioVersion = 10.0.40219.1
Project("{9A19103F-16F7-4668-BE54-9A1E7A4F7556}") = "Extra1", "Extra1\Extra1.csproj", "{F2DC7889-2827-43B3-BA18-348BD57D1AE9}"
EndProject
Project("{9A19103F-16F7-4668-BE54-9A1E7A4F7556}") = "Number2", "Number2\Number2.csproj", "{50428848-596A-43BC-92DF-6561DF88702D}"
EndProject
Project("{FAE04EC0-301F-11D3-BF4B-00C04F79EFBC}") = "Number1", "Number1\Number1.csproj", "{18496AC6-5D56-4565-A5C0-AAEA4C101569}"
EndProject
Global
	GlobalSection(SolutionConfigurationPlatforms) = preSolution
		Debug|Any CPU = Debug|Any CPU
		Release|Any CPU = Release|Any CPU
	EndGlobalSection
	GlobalSection(ProjectConfigurationPlatforms) = postSolution
		{F2DC7889-2827-43B3-BA18-348BD57D1AE9}.Debug|Any CPU.ActiveCfg = Debug|Any CPU
		{F2DC7889-2827-43B3-BA18-348BD57D1AE9}.Debug|Any CPU.Build.0 = Debug|Any CPU
		{F2DC7889-2827-43B3-BA18-348BD57D1AE9}.Release|Any CPU.ActiveCfg = Release|Any CPU
		{F2DC7889-2827-43B3-BA18-348BD57D1AE9}.Release|Any CPU.Build.0 = Release|Any CPU
		{50428848-596A-43BC-92DF-6561DF88702D}.Debug|Any CPU.ActiveCfg = Debug|Any CPU
		{50428848-596A-43BC-92DF-6561DF88702D}.Debug|Any CPU.Build.0 = Debug|Any CPU
		{50428848-596A-43BC-92DF-6561DF88702D}.Release|Any CPU.ActiveCfg = Release|Any CPU
		{50428848-596A-43BC-92DF-6561DF88702D}.Release|Any CPU.Build.0 = Release|Any CPU
		{18496AC6-5D56-4565-A5C0-AAEA4C101569}.Debug|Any CPU.ActiveCfg = Debug|Any CPU
		{18496AC6-5D56-4565-A5C0-AAEA4C101569}.Debug|Any CPU.Build.0 = Debug|Any CPU
		{18496AC6-5D56-4565-A5C0-AAEA4C101569}.Release|Any CPU.ActiveCfg = Release|Any CPU
		{18496AC6-5D56-4565-A5C0-AAEA4C101569}.Release|Any CPU.Build.0 = Release|Any CPU
	EndGlobalSection
	GlobalSection(SolutionProperties) = preSolution
		HideSolutionNode = FALSE
	EndGlobalSection
	GlobalSection(ExtensibilityGlobals) = postSolution
		SolutionGuid = {E7148422-C39C-4059-949F-510BB09D12CB}
	EndGlobalSection
EndGlobal
