
Microsoft Visual Studio Solution File, Format Version 12.00
# Visual Studio Version 16
VisualStudioVersion = 16.0.30413.136
MinimumVisualStudioVersion = 10.0.40219.1
Project("{9A19103F-16F7-4668-BE54-9A1E7A4F7556}") = "homework5", "homework5\homework5.csproj", "{7E4A8FAF-6377-445A-8CCD-5D5D8038A40A}"
EndProject
Project("{9A19103F-16F7-4668-BE54-9A1E7A4F7556}") = "homework5.2", "homework5.2\homework5.2.csproj", "{FF486CC1-256C-4F03-B553-7E9394A5416C}"
EndProject
Project("{FAE04EC0-301F-11D3-BF4B-00C04F79EFBC}") = "homework5.3", "homework5.3\homework5.3.csproj", "{426F503B-7812-4502-A700-323C1B59FC5D}"
EndProject
Project("{FAE04EC0-301F-11D3-BF4B-00C04F79EFBC}") = "homework5.4", "homework5.4\homework5.4.csproj", "{4BDB6808-551F-4E49-80D1-33EB06D78AD1}"
EndProject
Global
	GlobalSection(SolutionConfigurationPlatforms) = preSolution
		Debug|Any CPU = Debug|Any CPU
		Release|Any CPU = Release|Any CPU
	EndGlobalSection
	GlobalSection(ProjectConfigurationPlatforms) = postSolution
		{7E4A8FAF-6377-445A-8CCD-5D5D8038A40A}.Debug|Any CPU.ActiveCfg = Debug|Any CPU
		{7E4A8FAF-6377-445A-8CCD-5D5D8038A40A}.Debug|Any CPU.Build.0 = Debug|Any CPU
		{7E4A8FAF-6377-445A-8CCD-5D5D8038A40A}.Release|Any CPU.ActiveCfg = Release|Any CPU
		{7E4A8FAF-6377-445A-8CCD-5D5D8038A40A}.Release|Any CPU.Build.0 = Release|Any CPU
		{FF486CC1-256C-4F03-B553-7E9394A5416C}.Debug|Any CPU.ActiveCfg = Debug|Any CPU
		{FF486CC1-256C-4F03-B553-7E9394A5416C}.Debug|Any CPU.Build.0 = Debug|Any CPU
		{FF486CC1-256C-4F03-B553-7E9394A5416C}.Release|Any CPU.ActiveCfg = Release|Any CPU
		{FF486CC1-256C-4F03-B553-7E9394A5416C}.Release|Any CPU.Build.0 = Release|Any CPU
		{426F503B-7812-4502-A700-323C1B59FC5D}.Debug|Any CPU.ActiveCfg = Debug|Any CPU
		{426F503B-7812-4502-A700-323C1B59FC5D}.Debug|Any CPU.Build.0 = Debug|Any CPU
		{426F503B-7812-4502-A700-323C1B59FC5D}.Release|Any CPU.ActiveCfg = Release|Any CPU
		{426F503B-7812-4502-A700-323C1B59FC5D}.Release|Any CPU.Build.0 = Release|Any CPU
		{4BDB6808-551F-4E49-80D1-33EB06D78AD1}.Debug|Any CPU.ActiveCfg = Debug|Any CPU
		{4BDB6808-551F-4E49-80D1-33EB06D78AD1}.Debug|Any CPU.Build.0 = Debug|Any CPU
		{4BDB6808-551F-4E49-80D1-33EB06D78AD1}.Release|Any CPU.ActiveCfg = Release|Any CPU
		{4BDB6808-551F-4E49-80D1-33EB06D78AD1}.Release|Any CPU.Build.0 = Release|Any CPU
	EndGlobalSection
	GlobalSection(SolutionProperties) = preSolution
		HideSolutionNode = FALSE
	EndGlobalSection
	GlobalSection(ExtensibilityGlobals) = postSolution
		SolutionGuid = {B3477CD8-DD0C-4B2F-B478-238E7927866A}
	EndGlobalSection
EndGlobal
